PODS:
  - Default (3.0.0)
  - RxBlocking (6.9.0):
    - RxSwift (= 6.9.0)
  - RxCocoa (6.9.0):
    - RxRelay (= 6.9.0)
    - RxSwift (= 6.9.0)
  - RxRelay (6.9.0):
    - RxSwift (= 6.9.0)
  - RxSwift (6.9.0)
  - RxTest (6.9.0):
    - RxSwift (= 6.9.0)

DEPENDENCIES:
  - Default
  - RxBlocking (~> 6)
  - RxCocoa (~> 6)
  - RxSwift (~> 6)
  - RxTest (~> 6)

SPEC REPOS:
  trunk:
    - Default
    - RxBlocking
    - RxCocoa
    - RxRelay
    - RxSwift
    - RxTest

SPEC CHECKSUMS:
  Default: df6f5067d92a350e908125bf269a7317df86b3bb
  RxBlocking: 5d2b26d019b6ba9eb3f58638611f124609c44822
  RxCocoa: ac16414696ae706516be3e1ab00fcce5bdc9be8a
  RxRelay: 6b0c930e5cef57d5fe2032571e5e65b78e3cbdb1
  RxSwift: 31649ace6aceeb422e16ff71c60804f9c3281ed9
  RxTest: fa7749822359a10a19b9fa32b80dbe608e4ce44e

PODFILE CHECKSUM: 0a1a841caa1a1220b1e09950224bd47ff3b04951

COCOAPODS: 1.17.0
